// !$*UTF8*$!
{
	archiveVersion = 1;
	classes = {
	};
	objectVersion = 54;
	objects = {

/* Begin PBXBuildFile section */
		60089113229BE0BD002A6D52 /* GKLikeView.m in Sources */ = {isa = PBXBuildFile; fileRef = 60089112229BE0BD002A6D52 /* GKLikeView.m */; };
		601140C622EFD0450014EF50 /* GKDYScaleVideoView.m in Sources */ = {isa = PBXBuildFile; fileRef = 601140C522EFD0450014EF50 /* GKDYScaleVideoView.m */; };
		6013272E22F1BF0700C055B3 /* GKDYPanGestureRecognizer.m in Sources */ = {isa = PBXBuildFile; fileRef = 6013272C22F1BF0700C055B3 /* GKDYPanGestureRecognizer.m */; };
		603969E526315A5D0024ED97 /* NSString+GKCategory.m in Sources */ = {isa = PBXBuildFile; fileRef = 603969E426315A5D0024ED97 /* NSString+GKCategory.m */; };
		60657EFA21C1110F000F97DA /* GKDYMainViewController.m in Sources */ = {isa = PBXBuildFile; fileRef = 60657EF921C1110F000F97DA /* GKDYMainViewController.m */; };
		606A77DF215E0B3000DC2F63 /* README.md in Resources */ = {isa = PBXBuildFile; fileRef = 606A77DE215E0B3000DC2F63 /* README.md */; };
		607CAB7622818FF50062AC0F /* GKBallLoadingView.m in Sources */ = {isa = PBXBuildFile; fileRef = 607CAB7522818FF50062AC0F /* GKBallLoadingView.m */; };
		607CAB7F2282A8CF0062AC0F /* GKDYAttentViewController.m in Sources */ = {isa = PBXBuildFile; fileRef = 607CAB7E2282A8CF0062AC0F /* GKDYAttentViewController.m */; };
		607CAB822282A8D80062AC0F /* GKDYMessageViewController.m in Sources */ = {isa = PBXBuildFile; fileRef = 607CAB812282A8D80062AC0F /* GKDYMessageViewController.m */; };
		607CAB852282A8E00062AC0F /* GKDYMineViewController.m in Sources */ = {isa = PBXBuildFile; fileRef = 607CAB842282A8E00062AC0F /* GKDYMineViewController.m */; };
		607CAB882282BB3F0062AC0F /* GKDYTabBar.m in Sources */ = {isa = PBXBuildFile; fileRef = 607CAB872282BB3F0062AC0F /* GKDYTabBar.m */; };
		6099CDCC22BA31B4005098EE /* GKDoubleLikeView.m in Sources */ = {isa = PBXBuildFile; fileRef = 6099CDCB22BA31B4005098EE /* GKDoubleLikeView.m */; };
		60D7CF602626C529004D7477 /* NSMethodSignature+GKCategory.m in Sources */ = {isa = PBXBuildFile; fileRef = 60D7CF5C2626C529004D7477 /* NSMethodSignature+GKCategory.m */; };
		60D7CF612626C529004D7477 /* UITabBar+GKCategory.m in Sources */ = {isa = PBXBuildFile; fileRef = 60D7CF5F2626C529004D7477 /* UITabBar+GKCategory.m */; };
		7988CB1F227C9DB900023A2B /* GKDYShootViewController.m in Sources */ = {isa = PBXBuildFile; fileRef = 7988CB1E227C9DB900023A2B /* GKDYShootViewController.m */; };
		7991D4DB2A04DEAD002AADCD /* GKRotationManager_iOS_9_15.m in Sources */ = {isa = PBXBuildFile; fileRef = 7991D4CD2A04DEAC002AADCD /* GKRotationManager_iOS_9_15.m */; };
		7991D4DC2A04DEAD002AADCD /* GKRotationManager_iOS_16_Later.m in Sources */ = {isa = PBXBuildFile; fileRef = 7991D4CF2A04DEAC002AADCD /* GKRotationManager_iOS_16_Later.m */; };
		7991D4DD2A04DEAD002AADCD /* GKRotationManager.m in Sources */ = {isa = PBXBuildFile; fileRef = 7991D4D02A04DEAC002AADCD /* GKRotationManager.m */; };
		7991D4DF2A04DEAD002AADCD /* GKLandscapeViewController.m in Sources */ = {isa = PBXBuildFile; fileRef = 7991D4D22A04DEAC002AADCD /* GKLandscapeViewController.m */; };
		7991D4E02A04DEAD002AADCD /* GKLandscapeWindow.m in Sources */ = {isa = PBXBuildFile; fileRef = 7991D4D42A04DEAC002AADCD /* GKLandscapeWindow.m */; };
		7991D4E42A04E499002AADCD /* GKDYVideoLandscapeCell.m in Sources */ = {isa = PBXBuildFile; fileRef = 7991D4E32A04E499002AADCD /* GKDYVideoLandscapeCell.m */; };
		7991D4E72A04E7E1002AADCD /* GKDYVideoPortraitCell.m in Sources */ = {isa = PBXBuildFile; fileRef = 7991D4E62A04E7E1002AADCD /* GKDYVideoPortraitCell.m */; };
		799277D329C837A000A410DC /* GKDYTools.m in Sources */ = {isa = PBXBuildFile; fileRef = 799277D229C837A000A410DC /* GKDYTools.m */; };
		799277E929CA85EE00A410DC /* GKDYVideoSlider.m in Sources */ = {isa = PBXBuildFile; fileRef = 799277E829CA85EE00A410DC /* GKDYVideoSlider.m */; };
		799277EC29CA9D9900A410DC /* GKDYVideoItemButton.m in Sources */ = {isa = PBXBuildFile; fileRef = 799277EB29CA9D9800A410DC /* GKDYVideoItemButton.m */; };
		799277EF29CAD17700A410DC /* GKDYVideoStatusBar.m in Sources */ = {isa = PBXBuildFile; fileRef = 799277EE29CAD17700A410DC /* GKDYVideoStatusBar.m */; };
		799277F229CAE3D300A410DC /* UIButton+GKCategory.m in Sources */ = {isa = PBXBuildFile; fileRef = 799277F129CAE3D300A410DC /* UIButton+GKCategory.m */; };
		799277F529CAE45D00A410DC /* GKDYVideoMaskView.m in Sources */ = {isa = PBXBuildFile; fileRef = 799277F429CAE45D00A410DC /* GKDYVideoMaskView.m */; };
		799277F829CAF77300A410DC /* GKDYVideoPreviewView.m in Sources */ = {isa = PBXBuildFile; fileRef = 799277F729CAF77300A410DC /* GKDYVideoPreviewView.m */; };
		79A5250C29D161C600CFB32F /* GKDYTitleView.m in Sources */ = {isa = PBXBuildFile; fileRef = 79A5250B29D161C600CFB32F /* GKDYTitleView.m */; };
		79A5251529D18D4800CFB32F /* GKDYUserVideoModel.m in Sources */ = {isa = PBXBuildFile; fileRef = 79A5251429D18D4800CFB32F /* GKDYUserVideoModel.m */; };
		79A5251829D18E2100CFB32F /* GKDYUserVideoViewModel.m in Sources */ = {isa = PBXBuildFile; fileRef = 79A5251729D18E2100CFB32F /* GKDYUserVideoViewModel.m */; };
		79A5251B29D1902C00CFB32F /* GKDYUserViewController.m in Sources */ = {isa = PBXBuildFile; fileRef = 79A5251A29D1902C00CFB32F /* GKDYUserViewController.m */; };
		79A5251E29D190B600CFB32F /* GKDYUserHeaderView.m in Sources */ = {isa = PBXBuildFile; fileRef = 79A5251D29D190B600CFB32F /* GKDYUserHeaderView.m */; };
		79A5252129D197C800CFB32F /* GKDYVideoListViewController.m in Sources */ = {isa = PBXBuildFile; fileRef = 79A5252029D197C800CFB32F /* GKDYVideoListViewController.m */; };
		79A5252429D1998100CFB32F /* GKDYVideoListCell.m in Sources */ = {isa = PBXBuildFile; fileRef = 79A5252329D1998100CFB32F /* GKDYVideoListCell.m */; };
		79A5252729D2831400CFB32F /* GKDYUserModel.m in Sources */ = {isa = PBXBuildFile; fileRef = 79A5252629D2831400CFB32F /* GKDYUserModel.m */; };
		79C4207E29C42B1600A0AB84 /* GKDYVideoScrollView.m in Sources */ = {isa = PBXBuildFile; fileRef = 79C4207D29C42B1600A0AB84 /* GKDYVideoScrollView.m */; };
		79C4208129C43C2200A0AB84 /* GKDYVideoCell.m in Sources */ = {isa = PBXBuildFile; fileRef = 79C4208029C43C2200A0AB84 /* GKDYVideoCell.m */; };
		79C4208429C43CE500A0AB84 /* GKDYPlayerManager.m in Sources */ = {isa = PBXBuildFile; fileRef = 79C4208329C43CE500A0AB84 /* GKDYPlayerManager.m */; };
		79C4208A29C448FA00A0AB84 /* GKDYVideoPortraitView.m in Sources */ = {isa = PBXBuildFile; fileRef = 79C4208929C448FA00A0AB84 /* GKDYVideoPortraitView.m */; };
		79C4208D29C4490700A0AB84 /* GKDYVideoLandscapeView.m in Sources */ = {isa = PBXBuildFile; fileRef = 79C4208C29C4490700A0AB84 /* GKDYVideoLandscapeView.m */; };
		79CC62942157377400101773 /* AppDelegate.m in Sources */ = {isa = PBXBuildFile; fileRef = 79CC62932157377400101773 /* AppDelegate.m */; };
		79CC629C2157377600101773 /* Assets.xcassets in Resources */ = {isa = PBXBuildFile; fileRef = 79CC629B2157377600101773 /* Assets.xcassets */; };
		79CC629F2157377600101773 /* LaunchScreen.storyboard in Resources */ = {isa = PBXBuildFile; fileRef = 79CC629D2157377600101773 /* LaunchScreen.storyboard */; };
		79CC62A22157377600101773 /* main.m in Sources */ = {isa = PBXBuildFile; fileRef = 79CC62A12157377600101773 /* main.m */; };
		79CC62CE21573BD700101773 /* GKDYBaseViewController.m in Sources */ = {isa = PBXBuildFile; fileRef = 79CC62CD21573BD700101773 /* GKDYBaseViewController.m */; };
		79CC62D121573BFD00101773 /* GKDYHomeViewController.m in Sources */ = {isa = PBXBuildFile; fileRef = 79CC62D021573BFD00101773 /* GKDYHomeViewController.m */; };
		79CC62D421573C2300101773 /* GKDYSearchViewController.m in Sources */ = {isa = PBXBuildFile; fileRef = 79CC62D321573C2300101773 /* GKDYSearchViewController.m */; };
		79CC62D721573C2C00101773 /* GKDYPlayerViewController.m in Sources */ = {isa = PBXBuildFile; fileRef = 79CC62D621573C2C00101773 /* GKDYPlayerViewController.m */; };
		79CC62E221573F3C00101773 /* GKDYVideoModel.m in Sources */ = {isa = PBXBuildFile; fileRef = 79CC62E121573F3C00101773 /* GKDYVideoModel.m */; };
		79CC62E521573FC500101773 /* GKDYScrollView.m in Sources */ = {isa = PBXBuildFile; fileRef = 79CC62E421573FC500101773 /* GKDYScrollView.m */; };
		79CC62EB2157402800101773 /* GKDYVideoControlView.m in Sources */ = {isa = PBXBuildFile; fileRef = 79CC62EA2157402800101773 /* GKDYVideoControlView.m */; };
		79CC62EE2157405400101773 /* GKDYVideoViewModel.m in Sources */ = {isa = PBXBuildFile; fileRef = 79CC62ED2157405400101773 /* GKDYVideoViewModel.m */; };
		79CC62F52158E44300101773 /* GKNetworking.m in Sources */ = {isa = PBXBuildFile; fileRef = 79CC62F42158E44300101773 /* GKNetworking.m */; };
		79DD87CE226C268D008FB903 /* GKDYNavigationController.m in Sources */ = {isa = PBXBuildFile; fileRef = 79DD87CD226C268D008FB903 /* GKDYNavigationController.m */; };
		79E16A132274748F00DE4967 /* GKSlidePopupView.m in Sources */ = {isa = PBXBuildFile; fileRef = 79E16A122274748F00DE4967 /* GKSlidePopupView.m */; };
		79E16A162279A63200DE4967 /* GKDYCommentView.m in Sources */ = {isa = PBXBuildFile; fileRef = 79E16A152279A63200DE4967 /* GKDYCommentView.m */; };
		79F46BD72A08CC7A006E3B85 /* GKDYVideoFullscreenView.m in Sources */ = {isa = PBXBuildFile; fileRef = 79F46BD62A08CC7A006E3B85 /* GKDYVideoFullscreenView.m */; };
		AA70E41FD2C5EC1F0C249206 /* Pods_GKDYVideo.framework in Frameworks */ = {isa = PBXBuildFile; fileRef = 81CC8427C037D4E8A4B61B49 /* Pods_GKDYVideo.framework */; };
/* End PBXBuildFile section */

/* Begin PBXFileReference section */
		126D76C9517C38C3B7C81D53 /* Pods-GKDYVideo.release.xcconfig */ = {isa = PBXFileReference; includeInIndex = 1; lastKnownFileType = text.xcconfig; name = "Pods-GKDYVideo.release.xcconfig"; path = "Pods/Target Support Files/Pods-GKDYVideo/Pods-GKDYVideo.release.xcconfig"; sourceTree = "<group>"; };
		60089111229BE0BD002A6D52 /* GKLikeView.h */ = {isa = PBXFileReference; lastKnownFileType = sourcecode.c.h; path = GKLikeView.h; sourceTree = "<group>"; };
		60089112229BE0BD002A6D52 /* GKLikeView.m */ = {isa = PBXFileReference; lastKnownFileType = sourcecode.c.objc; path = GKLikeView.m; sourceTree = "<group>"; };
		601140C422EFD0450014EF50 /* GKDYScaleVideoView.h */ = {isa = PBXFileReference; lastKnownFileType = sourcecode.c.h; path = GKDYScaleVideoView.h; sourceTree = "<group>"; };
		601140C522EFD0450014EF50 /* GKDYScaleVideoView.m */ = {isa = PBXFileReference; lastKnownFileType = sourcecode.c.objc; path = GKDYScaleVideoView.m; sourceTree = "<group>"; };
		6013272C22F1BF0700C055B3 /* GKDYPanGestureRecognizer.m */ = {isa = PBXFileReference; fileEncoding = 4; lastKnownFileType = sourcecode.c.objc; path = GKDYPanGestureRecognizer.m; sourceTree = "<group>"; };
		6013272D22F1BF0700C055B3 /* GKDYPanGestureRecognizer.h */ = {isa = PBXFileReference; fileEncoding = 4; lastKnownFileType = sourcecode.c.h; path = GKDYPanGestureRecognizer.h; sourceTree = "<group>"; };
		603969E326315A5D0024ED97 /* NSString+GKCategory.h */ = {isa = PBXFileReference; lastKnownFileType = sourcecode.c.h; path = "NSString+GKCategory.h"; sourceTree = "<group>"; };
		603969E426315A5D0024ED97 /* NSString+GKCategory.m */ = {isa = PBXFileReference; lastKnownFileType = sourcecode.c.objc; path = "NSString+GKCategory.m"; sourceTree = "<group>"; };
		60657EF821C1110F000F97DA /* GKDYMainViewController.h */ = {isa = PBXFileReference; lastKnownFileType = sourcecode.c.h; path = GKDYMainViewController.h; sourceTree = "<group>"; };
		60657EF921C1110F000F97DA /* GKDYMainViewController.m */ = {isa = PBXFileReference; lastKnownFileType = sourcecode.c.objc; path = GKDYMainViewController.m; sourceTree = "<group>"; };
		606A77DE215E0B3000DC2F63 /* README.md */ = {isa = PBXFileReference; fileEncoding = 4; lastKnownFileType = net.daringfireball.markdown; path = README.md; sourceTree = SOURCE_ROOT; };
		607CAB7422818FF50062AC0F /* GKBallLoadingView.h */ = {isa = PBXFileReference; lastKnownFileType = sourcecode.c.h; path = GKBallLoadingView.h; sourceTree = "<group>"; };
		607CAB7522818FF50062AC0F /* GKBallLoadingView.m */ = {isa = PBXFileReference; lastKnownFileType = sourcecode.c.objc; path = GKBallLoadingView.m; sourceTree = "<group>"; };
		607CAB7D2282A8CF0062AC0F /* GKDYAttentViewController.h */ = {isa = PBXFileReference; lastKnownFileType = sourcecode.c.h; path = GKDYAttentViewController.h; sourceTree = "<group>"; };
		607CAB7E2282A8CF0062AC0F /* GKDYAttentViewController.m */ = {isa = PBXFileReference; lastKnownFileType = sourcecode.c.objc; path = GKDYAttentViewController.m; sourceTree = "<group>"; };
		607CAB802282A8D80062AC0F /* GKDYMessageViewController.h */ = {isa = PBXFileReference; lastKnownFileType = sourcecode.c.h; path = GKDYMessageViewController.h; sourceTree = "<group>"; };
		607CAB812282A8D80062AC0F /* GKDYMessageViewController.m */ = {isa = PBXFileReference; lastKnownFileType = sourcecode.c.objc; path = GKDYMessageViewController.m; sourceTree = "<group>"; };
		607CAB832282A8E00062AC0F /* GKDYMineViewController.h */ = {isa = PBXFileReference; lastKnownFileType = sourcecode.c.h; path = GKDYMineViewController.h; sourceTree = "<group>"; };
		607CAB842282A8E00062AC0F /* GKDYMineViewController.m */ = {isa = PBXFileReference; lastKnownFileType = sourcecode.c.objc; path = GKDYMineViewController.m; sourceTree = "<group>"; };
		607CAB862282BB3F0062AC0F /* GKDYTabBar.h */ = {isa = PBXFileReference; lastKnownFileType = sourcecode.c.h; path = GKDYTabBar.h; sourceTree = "<group>"; };
		607CAB872282BB3F0062AC0F /* GKDYTabBar.m */ = {isa = PBXFileReference; lastKnownFileType = sourcecode.c.objc; path = GKDYTabBar.m; sourceTree = "<group>"; };
		6099CDCA22BA31B4005098EE /* GKDoubleLikeView.h */ = {isa = PBXFileReference; lastKnownFileType = sourcecode.c.h; path = GKDoubleLikeView.h; sourceTree = "<group>"; };
		6099CDCB22BA31B4005098EE /* GKDoubleLikeView.m */ = {isa = PBXFileReference; lastKnownFileType = sourcecode.c.objc; path = GKDoubleLikeView.m; sourceTree = "<group>"; };
		60D7CF5C2626C529004D7477 /* NSMethodSignature+GKCategory.m */ = {isa = PBXFileReference; fileEncoding = 4; lastKnownFileType = sourcecode.c.objc; path = "NSMethodSignature+GKCategory.m"; sourceTree = "<group>"; };
		60D7CF5D2626C529004D7477 /* NSMethodSignature+GKCategory.h */ = {isa = PBXFileReference; fileEncoding = 4; lastKnownFileType = sourcecode.c.h; path = "NSMethodSignature+GKCategory.h"; sourceTree = "<group>"; };
		60D7CF5E2626C529004D7477 /* UITabBar+GKCategory.h */ = {isa = PBXFileReference; fileEncoding = 4; lastKnownFileType = sourcecode.c.h; path = "UITabBar+GKCategory.h"; sourceTree = "<group>"; };
		60D7CF5F2626C529004D7477 /* UITabBar+GKCategory.m */ = {isa = PBXFileReference; fileEncoding = 4; lastKnownFileType = sourcecode.c.objc; path = "UITabBar+GKCategory.m"; sourceTree = "<group>"; };
		793231B229A44E39000A61ED /* TXLiteAVSDK_Player.framework */ = {isa = PBXFileReference; lastKnownFileType = wrapper.framework; name = TXLiteAVSDK_Player.framework; path = Pods/TXLiteAVSDK_Player/TXLiteAVSDK_Player/TXLiteAVSDK_Player.framework; sourceTree = "<group>"; };
		793231B329A44E39000A61ED /* TXSoundTouch.xcframework */ = {isa = PBXFileReference; lastKnownFileType = wrapper.xcframework; name = TXSoundTouch.xcframework; path = Pods/TXLiteAVSDK_Player/TXLiteAVSDK_Player/TXSoundTouch.xcframework; sourceTree = "<group>"; };
		793231B429A44E39000A61ED /* TXFFmpeg.xcframework */ = {isa = PBXFileReference; lastKnownFileType = wrapper.xcframework; name = TXFFmpeg.xcframework; path = Pods/TXLiteAVSDK_Player/TXLiteAVSDK_Player/TXFFmpeg.xcframework; sourceTree = "<group>"; };
		7988CB1D227C9DB900023A2B /* GKDYShootViewController.h */ = {isa = PBXFileReference; lastKnownFileType = sourcecode.c.h; path = GKDYShootViewController.h; sourceTree = "<group>"; };
		7988CB1E227C9DB900023A2B /* GKDYShootViewController.m */ = {isa = PBXFileReference; lastKnownFileType = sourcecode.c.objc; path = GKDYShootViewController.m; sourceTree = "<group>"; };
		7991D4CD2A04DEAC002AADCD /* GKRotationManager_iOS_9_15.m */ = {isa = PBXFileReference; fileEncoding = 4; lastKnownFileType = sourcecode.c.objc; path = GKRotationManager_iOS_9_15.m; sourceTree = "<group>"; };
		7991D4CE2A04DEAC002AADCD /* GKLandscapeWindow.h */ = {isa = PBXFileReference; fileEncoding = 4; lastKnownFileType = sourcecode.c.h; path = GKLandscapeWindow.h; sourceTree = "<group>"; };
		7991D4CF2A04DEAC002AADCD /* GKRotationManager_iOS_16_Later.m */ = {isa = PBXFileReference; fileEncoding = 4; lastKnownFileType = sourcecode.c.objc; path = GKRotationManager_iOS_16_Later.m; sourceTree = "<group>"; };
		7991D4D02A04DEAC002AADCD /* GKRotationManager.m */ = {isa = PBXFileReference; fileEncoding = 4; lastKnownFileType = sourcecode.c.objc; path = GKRotationManager.m; sourceTree = "<group>"; };
		7991D4D22A04DEAC002AADCD /* GKLandscapeViewController.m */ = {isa = PBXFileReference; fileEncoding = 4; lastKnownFileType = sourcecode.c.objc; path = GKLandscapeViewController.m; sourceTree = "<group>"; };
		7991D4D42A04DEAC002AADCD /* GKLandscapeWindow.m */ = {isa = PBXFileReference; fileEncoding = 4; lastKnownFileType = sourcecode.c.objc; path = GKLandscapeWindow.m; sourceTree = "<group>"; };
		7991D4D52A04DEAC002AADCD /* GKRotationManager_iOS_9_15.h */ = {isa = PBXFileReference; fileEncoding = 4; lastKnownFileType = sourcecode.c.h; path = GKRotationManager_iOS_9_15.h; sourceTree = "<group>"; };
		7991D4D62A04DEAC002AADCD /* GKRotationManager.h */ = {isa = PBXFileReference; fileEncoding = 4; lastKnownFileType = sourcecode.c.h; path = GKRotationManager.h; sourceTree = "<group>"; };
		7991D4D72A04DEAC002AADCD /* GKRotationManager_iOS_16_Later.h */ = {isa = PBXFileReference; fileEncoding = 4; lastKnownFileType = sourcecode.c.h; path = GKRotationManager_iOS_16_Later.h; sourceTree = "<group>"; };
		7991D4DA2A04DEAC002AADCD /* GKLandscapeViewController.h */ = {isa = PBXFileReference; fileEncoding = 4; lastKnownFileType = sourcecode.c.h; path = GKLandscapeViewController.h; sourceTree = "<group>"; };
		7991D4E22A04E499002AADCD /* GKDYVideoLandscapeCell.h */ = {isa = PBXFileReference; lastKnownFileType = sourcecode.c.h; path = GKDYVideoLandscapeCell.h; sourceTree = "<group>"; };
		7991D4E32A04E499002AADCD /* GKDYVideoLandscapeCell.m */ = {isa = PBXFileReference; lastKnownFileType = sourcecode.c.objc; path = GKDYVideoLandscapeCell.m; sourceTree = "<group>"; };
		7991D4E52A04E7E1002AADCD /* GKDYVideoPortraitCell.h */ = {isa = PBXFileReference; lastKnownFileType = sourcecode.c.h; path = GKDYVideoPortraitCell.h; sourceTree = "<group>"; };
		7991D4E62A04E7E1002AADCD /* GKDYVideoPortraitCell.m */ = {isa = PBXFileReference; lastKnownFileType = sourcecode.c.objc; path = GKDYVideoPortraitCell.m; sourceTree = "<group>"; };
		799277D129C837A000A410DC /* GKDYTools.h */ = {isa = PBXFileReference; lastKnownFileType = sourcecode.c.h; path = GKDYTools.h; sourceTree = "<group>"; };
		799277D229C837A000A410DC /* GKDYTools.m */ = {isa = PBXFileReference; lastKnownFileType = sourcecode.c.objc; path = GKDYTools.m; sourceTree = "<group>"; };
		799277E729CA85EE00A410DC /* GKDYVideoSlider.h */ = {isa = PBXFileReference; lastKnownFileType = sourcecode.c.h; path = GKDYVideoSlider.h; sourceTree = "<group>"; };
		799277E829CA85EE00A410DC /* GKDYVideoSlider.m */ = {isa = PBXFileReference; lastKnownFileType = sourcecode.c.objc; path = GKDYVideoSlider.m; sourceTree = "<group>"; };
		799277EA29CA9D9800A410DC /* GKDYVideoItemButton.h */ = {isa = PBXFileReference; lastKnownFileType = sourcecode.c.h; path = GKDYVideoItemButton.h; sourceTree = "<group>"; };
		799277EB29CA9D9800A410DC /* GKDYVideoItemButton.m */ = {isa = PBXFileReference; lastKnownFileType = sourcecode.c.objc; path = GKDYVideoItemButton.m; sourceTree = "<group>"; };
		799277ED29CAD17700A410DC /* GKDYVideoStatusBar.h */ = {isa = PBXFileReference; lastKnownFileType = sourcecode.c.h; path = GKDYVideoStatusBar.h; sourceTree = "<group>"; };
		799277EE29CAD17700A410DC /* GKDYVideoStatusBar.m */ = {isa = PBXFileReference; lastKnownFileType = sourcecode.c.objc; path = GKDYVideoStatusBar.m; sourceTree = "<group>"; };
		799277F029CAE3D300A410DC /* UIButton+GKCategory.h */ = {isa = PBXFileReference; lastKnownFileType = sourcecode.c.h; path = "UIButton+GKCategory.h"; sourceTree = "<group>"; };
		799277F129CAE3D300A410DC /* UIButton+GKCategory.m */ = {isa = PBXFileReference; lastKnownFileType = sourcecode.c.objc; path = "UIButton+GKCategory.m"; sourceTree = "<group>"; };
		799277F329CAE45D00A410DC /* GKDYVideoMaskView.h */ = {isa = PBXFileReference; lastKnownFileType = sourcecode.c.h; path = GKDYVideoMaskView.h; sourceTree = "<group>"; };
		799277F429CAE45D00A410DC /* GKDYVideoMaskView.m */ = {isa = PBXFileReference; lastKnownFileType = sourcecode.c.objc; path = GKDYVideoMaskView.m; sourceTree = "<group>"; };
		799277F629CAF77300A410DC /* GKDYVideoPreviewView.h */ = {isa = PBXFileReference; lastKnownFileType = sourcecode.c.h; path = GKDYVideoPreviewView.h; sourceTree = "<group>"; };
		799277F729CAF77300A410DC /* GKDYVideoPreviewView.m */ = {isa = PBXFileReference; lastKnownFileType = sourcecode.c.objc; path = GKDYVideoPreviewView.m; sourceTree = "<group>"; };
		79A5250A29D161C600CFB32F /* GKDYTitleView.h */ = {isa = PBXFileReference; lastKnownFileType = sourcecode.c.h; path = GKDYTitleView.h; sourceTree = "<group>"; };
		79A5250B29D161C600CFB32F /* GKDYTitleView.m */ = {isa = PBXFileReference; lastKnownFileType = sourcecode.c.objc; path = GKDYTitleView.m; sourceTree = "<group>"; };
		79A5251329D18D4800CFB32F /* GKDYUserVideoModel.h */ = {isa = PBXFileReference; lastKnownFileType = sourcecode.c.h; path = GKDYUserVideoModel.h; sourceTree = "<group>"; };
		79A5251429D18D4800CFB32F /* GKDYUserVideoModel.m */ = {isa = PBXFileReference; lastKnownFileType = sourcecode.c.objc; path = GKDYUserVideoModel.m; sourceTree = "<group>"; };
		79A5251629D18E2100CFB32F /* GKDYUserVideoViewModel.h */ = {isa = PBXFileReference; lastKnownFileType = sourcecode.c.h; path = GKDYUserVideoViewModel.h; sourceTree = "<group>"; };
		79A5251729D18E2100CFB32F /* GKDYUserVideoViewModel.m */ = {isa = PBXFileReference; lastKnownFileType = sourcecode.c.objc; path = GKDYUserVideoViewModel.m; sourceTree = "<group>"; };
		79A5251929D1902C00CFB32F /* GKDYUserViewController.h */ = {isa = PBXFileReference; lastKnownFileType = sourcecode.c.h; path = GKDYUserViewController.h; sourceTree = "<group>"; };
		79A5251A29D1902C00CFB32F /* GKDYUserViewController.m */ = {isa = PBXFileReference; lastKnownFileType = sourcecode.c.objc; path = GKDYUserViewController.m; sourceTree = "<group>"; };
		79A5251C29D190B600CFB32F /* GKDYUserHeaderView.h */ = {isa = PBXFileReference; lastKnownFileType = sourcecode.c.h; path = GKDYUserHeaderView.h; sourceTree = "<group>"; };
		79A5251D29D190B600CFB32F /* GKDYUserHeaderView.m */ = {isa = PBXFileReference; lastKnownFileType = sourcecode.c.objc; path = GKDYUserHeaderView.m; sourceTree = "<group>"; };
		79A5251F29D197C800CFB32F /* GKDYVideoListViewController.h */ = {isa = PBXFileReference; lastKnownFileType = sourcecode.c.h; path = GKDYVideoListViewController.h; sourceTree = "<group>"; };
		79A5252029D197C800CFB32F /* GKDYVideoListViewController.m */ = {isa = PBXFileReference; lastKnownFileType = sourcecode.c.objc; path = GKDYVideoListViewController.m; sourceTree = "<group>"; };
		79A5252229D1998100CFB32F /* GKDYVideoListCell.h */ = {isa = PBXFileReference; lastKnownFileType = sourcecode.c.h; path = GKDYVideoListCell.h; sourceTree = "<group>"; };
		79A5252329D1998100CFB32F /* GKDYVideoListCell.m */ = {isa = PBXFileReference; lastKnownFileType = sourcecode.c.objc; path = GKDYVideoListCell.m; sourceTree = "<group>"; };
		79A5252529D2831400CFB32F /* GKDYUserModel.h */ = {isa = PBXFileReference; lastKnownFileType = sourcecode.c.h; path = GKDYUserModel.h; sourceTree = "<group>"; };
		79A5252629D2831400CFB32F /* GKDYUserModel.m */ = {isa = PBXFileReference; lastKnownFileType = sourcecode.c.objc; path = GKDYUserModel.m; sourceTree = "<group>"; };
		79C4207C29C42B1600A0AB84 /* GKDYVideoScrollView.h */ = {isa = PBXFileReference; lastKnownFileType = sourcecode.c.h; path = GKDYVideoScrollView.h; sourceTree = "<group>"; };
		79C4207D29C42B1600A0AB84 /* GKDYVideoScrollView.m */ = {isa = PBXFileReference; lastKnownFileType = sourcecode.c.objc; path = GKDYVideoScrollView.m; sourceTree = "<group>"; };
		79C4207F29C43C2200A0AB84 /* GKDYVideoCell.h */ = {isa = PBXFileReference; lastKnownFileType = sourcecode.c.h; path = GKDYVideoCell.h; sourceTree = "<group>"; };
		79C4208029C43C2200A0AB84 /* GKDYVideoCell.m */ = {isa = PBXFileReference; lastKnownFileType = sourcecode.c.objc; path = GKDYVideoCell.m; sourceTree = "<group>"; };
		79C4208229C43CE500A0AB84 /* GKDYPlayerManager.h */ = {isa = PBXFileReference; lastKnownFileType = sourcecode.c.h; path = GKDYPlayerManager.h; sourceTree = "<group>"; };
		79C4208329C43CE500A0AB84 /* GKDYPlayerManager.m */ = {isa = PBXFileReference; lastKnownFileType = sourcecode.c.objc; path = GKDYPlayerManager.m; sourceTree = "<group>"; };
		79C4208829C448FA00A0AB84 /* GKDYVideoPortraitView.h */ = {isa = PBXFileReference; lastKnownFileType = sourcecode.c.h; path = GKDYVideoPortraitView.h; sourceTree = "<group>"; };
		79C4208929C448FA00A0AB84 /* GKDYVideoPortraitView.m */ = {isa = PBXFileReference; lastKnownFileType = sourcecode.c.objc; path = GKDYVideoPortraitView.m; sourceTree = "<group>"; };
		79C4208B29C4490700A0AB84 /* GKDYVideoLandscapeView.h */ = {isa = PBXFileReference; lastKnownFileType = sourcecode.c.h; path = GKDYVideoLandscapeView.h; sourceTree = "<group>"; };
		79C4208C29C4490700A0AB84 /* GKDYVideoLandscapeView.m */ = {isa = PBXFileReference; lastKnownFileType = sourcecode.c.objc; path = GKDYVideoLandscapeView.m; sourceTree = "<group>"; };
		79CC628F2157377400101773 /* GKDYVideo.app */ = {isa = PBXFileReference; explicitFileType = wrapper.application; includeInIndex = 0; path = GKDYVideo.app; sourceTree = BUILT_PRODUCTS_DIR; };
		79CC62922157377400101773 /* AppDelegate.h */ = {isa = PBXFileReference; lastKnownFileType = sourcecode.c.h; path = AppDelegate.h; sourceTree = "<group>"; };
		79CC62932157377400101773 /* AppDelegate.m */ = {isa = PBXFileReference; lastKnownFileType = sourcecode.c.objc; path = AppDelegate.m; sourceTree = "<group>"; };
		79CC629B2157377600101773 /* Assets.xcassets */ = {isa = PBXFileReference; lastKnownFileType = folder.assetcatalog; path = Assets.xcassets; sourceTree = "<group>"; };
		79CC629E2157377600101773 /* Base */ = {isa = PBXFileReference; lastKnownFileType = file.storyboard; name = Base; path = Base.lproj/LaunchScreen.storyboard; sourceTree = "<group>"; };
		79CC62A02157377600101773 /* Info.plist */ = {isa = PBXFileReference; lastKnownFileType = text.plist.xml; path = Info.plist; sourceTree = "<group>"; };
		79CC62A12157377600101773 /* main.m */ = {isa = PBXFileReference; lastKnownFileType = sourcecode.c.objc; path = main.m; sourceTree = "<group>"; };
		79CC62C4215739FD00101773 /* PrefixHeader.pch */ = {isa = PBXFileReference; lastKnownFileType = sourcecode.c.h; path = PrefixHeader.pch; sourceTree = "<group>"; };
		79CC62CC21573BD700101773 /* GKDYBaseViewController.h */ = {isa = PBXFileReference; lastKnownFileType = sourcecode.c.h; path = GKDYBaseViewController.h; sourceTree = "<group>"; };
		79CC62CD21573BD700101773 /* GKDYBaseViewController.m */ = {isa = PBXFileReference; lastKnownFileType = sourcecode.c.objc; path = GKDYBaseViewController.m; sourceTree = "<group>"; };
		79CC62CF21573BFD00101773 /* GKDYHomeViewController.h */ = {isa = PBXFileReference; lastKnownFileType = sourcecode.c.h; path = GKDYHomeViewController.h; sourceTree = "<group>"; };
		79CC62D021573BFD00101773 /* GKDYHomeViewController.m */ = {isa = PBXFileReference; lastKnownFileType = sourcecode.c.objc; path = GKDYHomeViewController.m; sourceTree = "<group>"; };
		79CC62D221573C2300101773 /* GKDYSearchViewController.h */ = {isa = PBXFileReference; lastKnownFileType = sourcecode.c.h; path = GKDYSearchViewController.h; sourceTree = "<group>"; };
		79CC62D321573C2300101773 /* GKDYSearchViewController.m */ = {isa = PBXFileReference; lastKnownFileType = sourcecode.c.objc; path = GKDYSearchViewController.m; sourceTree = "<group>"; };
		79CC62D521573C2C00101773 /* GKDYPlayerViewController.h */ = {isa = PBXFileReference; lastKnownFileType = sourcecode.c.h; path = GKDYPlayerViewController.h; sourceTree = "<group>"; };
		79CC62D621573C2C00101773 /* GKDYPlayerViewController.m */ = {isa = PBXFileReference; lastKnownFileType = sourcecode.c.objc; path = GKDYPlayerViewController.m; sourceTree = "<group>"; };
		79CC62E021573F3C00101773 /* GKDYVideoModel.h */ = {isa = PBXFileReference; lastKnownFileType = sourcecode.c.h; path = GKDYVideoModel.h; sourceTree = "<group>"; };
		79CC62E121573F3C00101773 /* GKDYVideoModel.m */ = {isa = PBXFileReference; lastKnownFileType = sourcecode.c.objc; path = GKDYVideoModel.m; sourceTree = "<group>"; };
		79CC62E321573FC500101773 /* GKDYScrollView.h */ = {isa = PBXFileReference; lastKnownFileType = sourcecode.c.h; path = GKDYScrollView.h; sourceTree = "<group>"; };
		79CC62E421573FC500101773 /* GKDYScrollView.m */ = {isa = PBXFileReference; lastKnownFileType = sourcecode.c.objc; path = GKDYScrollView.m; sourceTree = "<group>"; };
		79CC62E92157402800101773 /* GKDYVideoControlView.h */ = {isa = PBXFileReference; lastKnownFileType = sourcecode.c.h; path = GKDYVideoControlView.h; sourceTree = "<group>"; };
		79CC62EA2157402800101773 /* GKDYVideoControlView.m */ = {isa = PBXFileReference; lastKnownFileType = sourcecode.c.objc; path = GKDYVideoControlView.m; sourceTree = "<group>"; };
		79CC62EC2157405400101773 /* GKDYVideoViewModel.h */ = {isa = PBXFileReference; lastKnownFileType = sourcecode.c.h; path = GKDYVideoViewModel.h; sourceTree = "<group>"; };
		79CC62ED2157405400101773 /* GKDYVideoViewModel.m */ = {isa = PBXFileReference; lastKnownFileType = sourcecode.c.objc; path = GKDYVideoViewModel.m; sourceTree = "<group>"; };
		79CC62F32158E44300101773 /* GKNetworking.h */ = {isa = PBXFileReference; lastKnownFileType = sourcecode.c.h; path = GKNetworking.h; sourceTree = "<group>"; };
		79CC62F42158E44300101773 /* GKNetworking.m */ = {isa = PBXFileReference; lastKnownFileType = sourcecode.c.objc; path = GKNetworking.m; sourceTree = "<group>"; };
		79DD87CC226C268D008FB903 /* GKDYNavigationController.h */ = {isa = PBXFileReference; lastKnownFileType = sourcecode.c.h; path = GKDYNavigationController.h; sourceTree = "<group>"; };
		79DD87CD226C268D008FB903 /* GKDYNavigationController.m */ = {isa = PBXFileReference; lastKnownFileType = sourcecode.c.objc; path = GKDYNavigationController.m; sourceTree = "<group>"; };
		79E16A112274748F00DE4967 /* GKSlidePopupView.h */ = {isa = PBXFileReference; lastKnownFileType = sourcecode.c.h; path = GKSlidePopupView.h; sourceTree = "<group>"; };
		79E16A122274748F00DE4967 /* GKSlidePopupView.m */ = {isa = PBXFileReference; lastKnownFileType = sourcecode.c.objc; path = GKSlidePopupView.m; sourceTree = "<group>"; };
		79E16A142279A63200DE4967 /* GKDYCommentView.h */ = {isa = PBXFileReference; lastKnownFileType = sourcecode.c.h; path = GKDYCommentView.h; sourceTree = "<group>"; };
		79E16A152279A63200DE4967 /* GKDYCommentView.m */ = {isa = PBXFileReference; lastKnownFileType = sourcecode.c.objc; path = GKDYCommentView.m; sourceTree = "<group>"; };
		79F46BD52A08CC7A006E3B85 /* GKDYVideoFullscreenView.h */ = {isa = PBXFileReference; lastKnownFileType = sourcecode.c.h; path = GKDYVideoFullscreenView.h; sourceTree = "<group>"; };
		79F46BD62A08CC7A006E3B85 /* GKDYVideoFullscreenView.m */ = {isa = PBXFileReference; lastKnownFileType = sourcecode.c.objc; path = GKDYVideoFullscreenView.m; sourceTree = "<group>"; };
		81CC8427C037D4E8A4B61B49 /* Pods_GKDYVideo.framework */ = {isa = PBXFileReference; explicitFileType = wrapper.framework; includeInIndex = 0; path = Pods_GKDYVideo.framework; sourceTree = BUILT_PRODUCTS_DIR; };
		ACB89D940248F84479D31DDA /* Pods-GKDYVideo.debug.xcconfig */ = {isa = PBXFileReference; includeInIndex = 1; lastKnownFileType = text.xcconfig; name = "Pods-GKDYVideo.debug.xcconfig"; path = "Pods/Target Support Files/Pods-GKDYVideo/Pods-GKDYVideo.debug.xcconfig"; sourceTree = "<group>"; };
/* End PBXFileReference section */

/* Begin PBXFrameworksBuildPhase section */
		79CC628C2157377400101773 /* Frameworks */ = {
			isa = PBXFrameworksBuildPhase;
			buildActionMask = 2147483647;
			files = (
				AA70E41FD2C5EC1F0C249206 /* Pods_GKDYVideo.framework in Frameworks */,
			);
			runOnlyForDeploymentPostprocessing = 0;
		};
/* End PBXFrameworksBuildPhase section */

/* Begin PBXGroup section */
		0E873DF6F1A310CB74B47AA5 /* Frameworks */ = {
			isa = PBXGroup;
			children = (
				793231B429A44E39000A61ED /* TXFFmpeg.xcframework */,
				793231B229A44E39000A61ED /* TXLiteAVSDK_Player.framework */,
				793231B329A44E39000A61ED /* TXSoundTouch.xcframework */,
				81CC8427C037D4E8A4B61B49 /* Pods_GKDYVideo.framework */,
			);
			name = Frameworks;
			sourceTree = "<group>";
		};
		44FD68EAC1EACFC6A455A797 /* Pods */ = {
			isa = PBXGroup;
			children = (
				ACB89D940248F84479D31DDA /* Pods-GKDYVideo.debug.xcconfig */,
				126D76C9517C38C3B7C81D53 /* Pods-GKDYVideo.release.xcconfig */,
			);
			name = Pods;
			sourceTree = "<group>";
		};
		60089110229BDDB4002A6D52 /* GKLikeView */ = {
			isa = PBXGroup;
			children = (
				60089111229BE0BD002A6D52 /* GKLikeView.h */,
				60089112229BE0BD002A6D52 /* GKLikeView.m */,
				6099CDCA22BA31B4005098EE /* GKDoubleLikeView.h */,
				6099CDCB22BA31B4005098EE /* GKDoubleLikeView.m */,
			);
			path = GKLikeView;
			sourceTree = "<group>";
		};
		60581BB821FC59EA001A3762 /* Main */ = {
			isa = PBXGroup;
			children = (
				60581BC121FC6182001A3762 /* Controller */,
				60581BC221FC618E001A3762 /* View */,
			);
			path = Main;
			sourceTree = "<group>";
		};
		60581BBC21FC611A001A3762 /* Base */ = {
			isa = PBXGroup;
			children = (
				60581BBD21FC6122001A3762 /* Controller */,
			);
			path = Base;
			sourceTree = "<group>";
		};
		60581BBD21FC6122001A3762 /* Controller */ = {
			isa = PBXGroup;
			children = (
				79CC62CC21573BD700101773 /* GKDYBaseViewController.h */,
				79CC62CD21573BD700101773 /* GKDYBaseViewController.m */,
			);
			path = Controller;
			sourceTree = "<group>";
		};
		60581BC121FC6182001A3762 /* Controller */ = {
			isa = PBXGroup;
			children = (
				60657EF821C1110F000F97DA /* GKDYMainViewController.h */,
				60657EF921C1110F000F97DA /* GKDYMainViewController.m */,
				79DD87CC226C268D008FB903 /* GKDYNavigationController.h */,
				79DD87CD226C268D008FB903 /* GKDYNavigationController.m */,
			);
			path = Controller;
			sourceTree = "<group>";
		};
		60581BC221FC618E001A3762 /* View */ = {
			isa = PBXGroup;
			children = (
				607CAB862282BB3F0062AC0F /* GKDYTabBar.h */,
				607CAB872282BB3F0062AC0F /* GKDYTabBar.m */,
			);
			path = View;
			sourceTree = "<group>";
		};
		607CAB7022818FC20062AC0F /* GKLoadingView */ = {
			isa = PBXGroup;
			children = (
				607CAB7422818FF50062AC0F /* GKBallLoadingView.h */,
				607CAB7522818FF50062AC0F /* GKBallLoadingView.m */,
			);
			path = GKLoadingView;
			sourceTree = "<group>";
		};
		607CAB772282A80B0062AC0F /* Attent */ = {
			isa = PBXGroup;
			children = (
				607CAB7A2282A8B30062AC0F /* Controller */,
			);
			path = Attent;
			sourceTree = "<group>";
		};
		607CAB782282A8420062AC0F /* Message */ = {
			isa = PBXGroup;
			children = (
				607CAB7B2282A8B90062AC0F /* Controller */,
			);
			path = Message;
			sourceTree = "<group>";
		};
		607CAB792282A84C0062AC0F /* Mine */ = {
			isa = PBXGroup;
			children = (
				79A5251229D18CF600CFB32F /* Model */,
				79A5251129D18CF100CFB32F /* ViewModel */,
				79A5251029D18CEC00CFB32F /* View */,
				607CAB7C2282A8BE0062AC0F /* Controller */,
			);
			path = Mine;
			sourceTree = "<group>";
		};
		607CAB7A2282A8B30062AC0F /* Controller */ = {
			isa = PBXGroup;
			children = (
				607CAB7D2282A8CF0062AC0F /* GKDYAttentViewController.h */,
				607CAB7E2282A8CF0062AC0F /* GKDYAttentViewController.m */,
			);
			path = Controller;
			sourceTree = "<group>";
		};
		607CAB7B2282A8B90062AC0F /* Controller */ = {
			isa = PBXGroup;
			children = (
				607CAB802282A8D80062AC0F /* GKDYMessageViewController.h */,
				607CAB812282A8D80062AC0F /* GKDYMessageViewController.m */,
			);
			path = Controller;
			sourceTree = "<group>";
		};
		607CAB7C2282A8BE0062AC0F /* Controller */ = {
			isa = PBXGroup;
			children = (
				607CAB832282A8E00062AC0F /* GKDYMineViewController.h */,
				607CAB842282A8E00062AC0F /* GKDYMineViewController.m */,
				79A5251929D1902C00CFB32F /* GKDYUserViewController.h */,
				79A5251A29D1902C00CFB32F /* GKDYUserViewController.m */,
				79A5251F29D197C800CFB32F /* GKDYVideoListViewController.h */,
				79A5252029D197C800CFB32F /* GKDYVideoListViewController.m */,
			);
			path = Controller;
			sourceTree = "<group>";
		};
		60D7CF5B2626C48D004D7477 /* Category */ = {
			isa = PBXGroup;
			children = (
				60D7CF5D2626C529004D7477 /* NSMethodSignature+GKCategory.h */,
				60D7CF5C2626C529004D7477 /* NSMethodSignature+GKCategory.m */,
				60D7CF5E2626C529004D7477 /* UITabBar+GKCategory.h */,
				60D7CF5F2626C529004D7477 /* UITabBar+GKCategory.m */,
				603969E326315A5D0024ED97 /* NSString+GKCategory.h */,
				603969E426315A5D0024ED97 /* NSString+GKCategory.m */,
				799277F029CAE3D300A410DC /* UIButton+GKCategory.h */,
				799277F129CAE3D300A410DC /* UIButton+GKCategory.m */,
			);
			path = Category;
			sourceTree = "<group>";
		};
		7991D4CC2A04DEAC002AADCD /* GKRotationManager */ = {
			isa = PBXGroup;
			children = (
				7991D4D62A04DEAC002AADCD /* GKRotationManager.h */,
				7991D4D02A04DEAC002AADCD /* GKRotationManager.m */,
				7991D4CE2A04DEAC002AADCD /* GKLandscapeWindow.h */,
				7991D4D42A04DEAC002AADCD /* GKLandscapeWindow.m */,
				7991D4D52A04DEAC002AADCD /* GKRotationManager_iOS_9_15.h */,
				7991D4CD2A04DEAC002AADCD /* GKRotationManager_iOS_9_15.m */,
				7991D4D72A04DEAC002AADCD /* GKRotationManager_iOS_16_Later.h */,
				7991D4CF2A04DEAC002AADCD /* GKRotationManager_iOS_16_Later.m */,
				7991D4DA2A04DEAC002AADCD /* GKLandscapeViewController.h */,
				7991D4D22A04DEAC002AADCD /* GKLandscapeViewController.m */,
			);
			path = GKRotationManager;
			sourceTree = "<group>";
		};
		79A5251029D18CEC00CFB32F /* View */ = {
			isa = PBXGroup;
			children = (
				79A5251C29D190B600CFB32F /* GKDYUserHeaderView.h */,
				79A5251D29D190B600CFB32F /* GKDYUserHeaderView.m */,
				79A5252229D1998100CFB32F /* GKDYVideoListCell.h */,
				79A5252329D1998100CFB32F /* GKDYVideoListCell.m */,
				601140C422EFD0450014EF50 /* GKDYScaleVideoView.h */,
				601140C522EFD0450014EF50 /* GKDYScaleVideoView.m */,
			);
			path = View;
			sourceTree = "<group>";
		};
		79A5251129D18CF100CFB32F /* ViewModel */ = {
			isa = PBXGroup;
			children = (
				79A5251629D18E2100CFB32F /* GKDYUserVideoViewModel.h */,
				79A5251729D18E2100CFB32F /* GKDYUserVideoViewModel.m */,
			);
			path = ViewModel;
			sourceTree = "<group>";
		};
		79A5251229D18CF600CFB32F /* Model */ = {
			isa = PBXGroup;
			children = (
				79A5251329D18D4800CFB32F /* GKDYUserVideoModel.h */,
				79A5251429D18D4800CFB32F /* GKDYUserVideoModel.m */,
				79A5252529D2831400CFB32F /* GKDYUserModel.h */,
				79A5252629D2831400CFB32F /* GKDYUserModel.m */,
			);
			path = Model;
			sourceTree = "<group>";
		};
		79CC62862157377400101773 = {
			isa = PBXGroup;
			children = (
				79CC62912157377400101773 /* GKDYVideo */,
				79CC62902157377400101773 /* Products */,
				44FD68EAC1EACFC6A455A797 /* Pods */,
				0E873DF6F1A310CB74B47AA5 /* Frameworks */,
			);
			sourceTree = "<group>";
		};
		79CC62902157377400101773 /* Products */ = {
			isa = PBXGroup;
			children = (
				79CC628F2157377400101773 /* GKDYVideo.app */,
			);
			name = Products;
			sourceTree = "<group>";
		};
		79CC62912157377400101773 /* GKDYVideo */ = {
			isa = PBXGroup;
			children = (
				79CC62C521573AB400101773 /* Classes */,
				79CC629B2157377600101773 /* Assets.xcassets */,
				79CC629D2157377600101773 /* LaunchScreen.storyboard */,
				79CC62A02157377600101773 /* Info.plist */,
				79CC62A12157377600101773 /* main.m */,
				79CC62C4215739FD00101773 /* PrefixHeader.pch */,
				606A77DE215E0B3000DC2F63 /* README.md */,
			);
			path = GKDYVideo;
			sourceTree = "<group>";
		};
		79CC62C521573AB400101773 /* Classes */ = {
			isa = PBXGroup;
			children = (
				79CC62922157377400101773 /* AppDelegate.h */,
				79CC62932157377400101773 /* AppDelegate.m */,
				60581BBC21FC611A001A3762 /* Base */,
				60581BB821FC59EA001A3762 /* Main */,
				79CC62C621573AC100101773 /* Home */,
				607CAB772282A80B0062AC0F /* Attent */,
				607CAB782282A8420062AC0F /* Message */,
				607CAB792282A84C0062AC0F /* Mine */,
				79CC62C721573B2700101773 /* Tools */,
			);
			path = Classes;
			sourceTree = "<group>";
		};
		79CC62C621573AC100101773 /* Home */ = {
			isa = PBXGroup;
			children = (
				79CC62D821573C6200101773 /* Controller */,
				79CC62DA21573C6E00101773 /* Model */,
				79CC62D921573C6900101773 /* View */,
				79CC62DB21573C7400101773 /* ViewModel */,
			);
			path = Home;
			sourceTree = "<group>";
		};
		79CC62C721573B2700101773 /* Tools */ = {
			isa = PBXGroup;
			children = (
				799277D129C837A000A410DC /* GKDYTools.h */,
				799277D229C837A000A410DC /* GKDYTools.m */,
				60D7CF5B2626C48D004D7477 /* Category */,
				60089110229BDDB4002A6D52 /* GKLikeView */,
				607CAB7022818FC20062AC0F /* GKLoadingView */,
				79E16A102274746200DE4967 /* GKSlidePopupView */,
				79CC62F22158E42D00101773 /* GKNetworking */,
				7991D4CC2A04DEAC002AADCD /* GKRotationManager */,
			);
			path = Tools;
			sourceTree = "<group>";
		};
		79CC62D821573C6200101773 /* Controller */ = {
			isa = PBXGroup;
			children = (
				79CC62CF21573BFD00101773 /* GKDYHomeViewController.h */,
				79CC62D021573BFD00101773 /* GKDYHomeViewController.m */,
				79CC62D221573C2300101773 /* GKDYSearchViewController.h */,
				79CC62D321573C2300101773 /* GKDYSearchViewController.m */,
				79CC62D521573C2C00101773 /* GKDYPlayerViewController.h */,
				79CC62D621573C2C00101773 /* GKDYPlayerViewController.m */,
				7988CB1D227C9DB900023A2B /* GKDYShootViewController.h */,
				7988CB1E227C9DB900023A2B /* GKDYShootViewController.m */,
			);
			path = Controller;
			sourceTree = "<group>";
		};
		79CC62D921573C6900101773 /* View */ = {
			isa = PBXGroup;
			children = (
				79CC62E321573FC500101773 /* GKDYScrollView.h */,
				79CC62E421573FC500101773 /* GKDYScrollView.m */,
				79A5250A29D161C600CFB32F /* GKDYTitleView.h */,
				79A5250B29D161C600CFB32F /* GKDYTitleView.m */,
				79C4207C29C42B1600A0AB84 /* GKDYVideoScrollView.h */,
				79C4207D29C42B1600A0AB84 /* GKDYVideoScrollView.m */,
				79C4207F29C43C2200A0AB84 /* GKDYVideoCell.h */,
				79C4208029C43C2200A0AB84 /* GKDYVideoCell.m */,
				7991D4E52A04E7E1002AADCD /* GKDYVideoPortraitCell.h */,
				7991D4E62A04E7E1002AADCD /* GKDYVideoPortraitCell.m */,
				7991D4E22A04E499002AADCD /* GKDYVideoLandscapeCell.h */,
				7991D4E32A04E499002AADCD /* GKDYVideoLandscapeCell.m */,
				799277E729CA85EE00A410DC /* GKDYVideoSlider.h */,
				799277E829CA85EE00A410DC /* GKDYVideoSlider.m */,
				799277EA29CA9D9800A410DC /* GKDYVideoItemButton.h */,
				799277EB29CA9D9800A410DC /* GKDYVideoItemButton.m */,
				79C4208829C448FA00A0AB84 /* GKDYVideoPortraitView.h */,
				79C4208929C448FA00A0AB84 /* GKDYVideoPortraitView.m */,
				79C4208B29C4490700A0AB84 /* GKDYVideoLandscapeView.h */,
				79C4208C29C4490700A0AB84 /* GKDYVideoLandscapeView.m */,
				79F46BD52A08CC7A006E3B85 /* GKDYVideoFullscreenView.h */,
				79F46BD62A08CC7A006E3B85 /* GKDYVideoFullscreenView.m */,
				799277ED29CAD17700A410DC /* GKDYVideoStatusBar.h */,
				799277EE29CAD17700A410DC /* GKDYVideoStatusBar.m */,
				799277F329CAE45D00A410DC /* GKDYVideoMaskView.h */,
				799277F429CAE45D00A410DC /* GKDYVideoMaskView.m */,
				799277F629CAF77300A410DC /* GKDYVideoPreviewView.h */,
				799277F729CAF77300A410DC /* GKDYVideoPreviewView.m */,
				79CC62E92157402800101773 /* GKDYVideoControlView.h */,
				79CC62EA2157402800101773 /* GKDYVideoControlView.m */,
				79E16A142279A63200DE4967 /* GKDYCommentView.h */,
				79E16A152279A63200DE4967 /* GKDYCommentView.m */,
				6013272D22F1BF0700C055B3 /* GKDYPanGestureRecognizer.h */,
				6013272C22F1BF0700C055B3 /* GKDYPanGestureRecognizer.m */,
			);
			path = View;
			sourceTree = "<group>";
		};
		79CC62DA21573C6E00101773 /* Model */ = {
			isa = PBXGroup;
			children = (
				79CC62E021573F3C00101773 /* GKDYVideoModel.h */,
				79CC62E121573F3C00101773 /* GKDYVideoModel.m */,
			);
			path = Model;
			sourceTree = "<group>";
		};
		79CC62DB21573C7400101773 /* ViewModel */ = {
			isa = PBXGroup;
			children = (
				79CC62EC2157405400101773 /* GKDYVideoViewModel.h */,
				79CC62ED2157405400101773 /* GKDYVideoViewModel.m */,
				79C4208229C43CE500A0AB84 /* GKDYPlayerManager.h */,
				79C4208329C43CE500A0AB84 /* GKDYPlayerManager.m */,
			);
			path = ViewModel;
			sourceTree = "<group>";
		};
		79CC62F22158E42D00101773 /* GKNetworking */ = {
			isa = PBXGroup;
			children = (
				79CC62F32158E44300101773 /* GKNetworking.h */,
				79CC62F42158E44300101773 /* GKNetworking.m */,
			);
			path = GKNetworking;
			sourceTree = "<group>";
		};
		79E16A102274746200DE4967 /* GKSlidePopupView */ = {
			isa = PBXGroup;
			children = (
				79E16A112274748F00DE4967 /* GKSlidePopupView.h */,
				79E16A122274748F00DE4967 /* GKSlidePopupView.m */,
			);
			path = GKSlidePopupView;
			sourceTree = "<group>";
		};
/* End PBXGroup section */

/* Begin PBXNativeTarget section */
		79CC628E2157377400101773 /* GKDYVideo */ = {
			isa = PBXNativeTarget;
			buildConfigurationList = 79CC62BB2157377700101773 /* Build configuration list for PBXNativeTarget "GKDYVideo" */;
			buildPhases = (
				EFB1AD7F2B6B2818E9A863C8 /* [CP] Check Pods Manifest.lock */,
				79CC628B2157377400101773 /* Sources */,
				79CC628C2157377400101773 /* Frameworks */,
				79CC628D2157377400101773 /* Resources */,
				414B1670F0E8F0395EA482FF /* [CP] Embed Pods Frameworks */,
			);
			buildRules = (
			);
			dependencies = (
			);
			name = GKDYVideo;
			productName = GKDYVideo;
			productReference = 79CC628F2157377400101773 /* GKDYVideo.app */;
			productType = "com.apple.product-type.application";
		};
/* End PBXNativeTarget section */

/* Begin PBXProject section */
		79CC62872157377400101773 /* Project object */ = {
			isa = PBXProject;
			attributes = {
				CLASSPREFIX = GKDY;
				LastUpgradeCheck = 1420;
				ORGANIZATIONNAME = QuintGao;
				TargetAttributes = {
					79CC628E2157377400101773 = {
						CreatedOnToolsVersion = 10.0;
					};
				};
			};
			buildConfigurationList = 79CC628A2157377400101773 /* Build configuration list for PBXProject "GKDYVideo" */;
			compatibilityVersion = "Xcode 9.3";
			developmentRegion = en;
			hasScannedForEncodings = 0;
			knownRegions = (
				en,
				Base,
			);
			mainGroup = 79CC62862157377400101773;
			productRefGroup = 79CC62902157377400101773 /* Products */;
			projectDirPath = "";
			projectRoot = "";
			targets = (
				79CC628E2157377400101773 /* GKDYVideo */,
			);
		};
/* End PBXProject section */

/* Begin PBXResourcesBuildPhase section */
		79CC628D2157377400101773 /* Resources */ = {
			isa = PBXResourcesBuildPhase;
			buildActionMask = 2147483647;
			files = (
				606A77DF215E0B3000DC2F63 /* README.md in Resources */,
				79CC629F2157377600101773 /* LaunchScreen.storyboard in Resources */,
				79CC629C2157377600101773 /* Assets.xcassets in Resources */,
			);
			runOnlyForDeploymentPostprocessing = 0;
		};
/* End PBXResourcesBuildPhase section */

/* Begin PBXShellScriptBuildPhase section */
		414B1670F0E8F0395EA482FF /* [CP] Embed Pods Frameworks */ = {
			isa = PBXShellScriptBuildPhase;
			buildActionMask = 2147483647;
			files = (
			);
			inputFileListPaths = (
				"${PODS_ROOT}/Target Support Files/Pods-GKDYVideo/Pods-GKDYVideo-frameworks-${CONFIGURATION}-input-files.xcfilelist",
			);
			name = "[CP] Embed Pods Frameworks";
			outputFileListPaths = (
				"${PODS_ROOT}/Target Support Files/Pods-GKDYVideo/Pods-GKDYVideo-frameworks-${CONFIGURATION}-output-files.xcfilelist",
			);
			runOnlyForDeploymentPostprocessing = 0;
			shellPath = /bin/sh;
			shellScript = "\"${PODS_ROOT}/Target Support Files/Pods-GKDYVideo/Pods-GKDYVideo-frameworks.sh\"\n";
			showEnvVarsInLog = 0;
		};
		EFB1AD7F2B6B2818E9A863C8 /* [CP] Check Pods Manifest.lock */ = {
			isa = PBXShellScriptBuildPhase;
			buildActionMask = 2147483647;
			files = (
			);
			inputPaths = (
				"${PODS_PODFILE_DIR_PATH}/Podfile.lock",
				"${PODS_ROOT}/Manifest.lock",
			);
			name = "[CP] Check Pods Manifest.lock";
			outputPaths = (
				"$(DERIVED_FILE_DIR)/Pods-GKDYVideo-checkManifestLockResult.txt",
			);
			runOnlyForDeploymentPostprocessing = 0;
			shellPath = /bin/sh;
			shellScript = "diff \"${PODS_PODFILE_DIR_PATH}/Podfile.lock\" \"${PODS_ROOT}/Manifest.lock\" > /dev/null\nif [ $? != 0 ] ; then\n    # print error to STDERR\n    echo \"error: The sandbox is not in sync with the Podfile.lock. Run 'pod install' or update your CocoaPods installation.\" >&2\n    exit 1\nfi\n# This output is used by Xcode 'outputs' to avoid re-running this script phase.\necho \"SUCCESS\" > \"${SCRIPT_OUTPUT_FILE_0}\"\n";
			showEnvVarsInLog = 0;
		};
/* End PBXShellScriptBuildPhase section */

/* Begin PBXSourcesBuildPhase section */
		79CC628B2157377400101773 /* Sources */ = {
			isa = PBXSourcesBuildPhase;
			buildActionMask = 2147483647;
			files = (
				7991D4DC2A04DEAD002AADCD /* GKRotationManager_iOS_16_Later.m in Sources */,
				79E16A162279A63200DE4967 /* GKDYCommentView.m in Sources */,
				79A5251529D18D4800CFB32F /* GKDYUserVideoModel.m in Sources */,
				607CAB7622818FF50062AC0F /* GKBallLoadingView.m in Sources */,
				799277F529CAE45D00A410DC /* GKDYVideoMaskView.m in Sources */,
				60D7CF612626C529004D7477 /* UITabBar+GKCategory.m in Sources */,
				79A5252129D197C800CFB32F /* GKDYVideoListViewController.m in Sources */,
				7991D4DD2A04DEAD002AADCD /* GKRotationManager.m in Sources */,
				799277EC29CA9D9900A410DC /* GKDYVideoItemButton.m in Sources */,
				60657EFA21C1110F000F97DA /* GKDYMainViewController.m in Sources */,
				79CC62CE21573BD700101773 /* GKDYBaseViewController.m in Sources */,
				799277E929CA85EE00A410DC /* GKDYVideoSlider.m in Sources */,
				607CAB7F2282A8CF0062AC0F /* GKDYAttentViewController.m in Sources */,
				607CAB852282A8E00062AC0F /* GKDYMineViewController.m in Sources */,
				601140C622EFD0450014EF50 /* GKDYScaleVideoView.m in Sources */,
				79A5252729D2831400CFB32F /* GKDYUserModel.m in Sources */,
				79F46BD72A08CC7A006E3B85 /* GKDYVideoFullscreenView.m in Sources */,
				7991D4DF2A04DEAD002AADCD /* GKLandscapeViewController.m in Sources */,
				607CAB822282A8D80062AC0F /* GKDYMessageViewController.m in Sources */,
				79CC62D721573C2C00101773 /* GKDYPlayerViewController.m in Sources */,
				7991D4E02A04DEAD002AADCD /* GKLandscapeWindow.m in Sources */,
				79CC62D421573C2300101773 /* GKDYSearchViewController.m in Sources */,
				79C4208429C43CE500A0AB84 /* GKDYPlayerManager.m in Sources */,
				79CC62EB2157402800101773 /* GKDYVideoControlView.m in Sources */,
				7991D4DB2A04DEAD002AADCD /* GKRotationManager_iOS_9_15.m in Sources */,
				60D7CF602626C529004D7477 /* NSMethodSignature+GKCategory.m in Sources */,
				79A5251E29D190B600CFB32F /* GKDYUserHeaderView.m in Sources */,
				79C4207E29C42B1600A0AB84 /* GKDYVideoScrollView.m in Sources */,
				79CC62A22157377600101773 /* main.m in Sources */,
				7991D4E72A04E7E1002AADCD /* GKDYVideoPortraitCell.m in Sources */,
				79A5250C29D161C600CFB32F /* GKDYTitleView.m in Sources */,
				7988CB1F227C9DB900023A2B /* GKDYShootViewController.m in Sources */,
				79C4208129C43C2200A0AB84 /* GKDYVideoCell.m in Sources */,
				79CC62E521573FC500101773 /* GKDYScrollView.m in Sources */,
				79A5251B29D1902C00CFB32F /* GKDYUserViewController.m in Sources */,
				79CC62EE2157405400101773 /* GKDYVideoViewModel.m in Sources */,
				79C4208D29C4490700A0AB84 /* GKDYVideoLandscapeView.m in Sources */,
				799277F229CAE3D300A410DC /* UIButton+GKCategory.m in Sources */,
				79CC62E221573F3C00101773 /* GKDYVideoModel.m in Sources */,
				79DD87CE226C268D008FB903 /* GKDYNavigationController.m in Sources */,
				79A5251829D18E2100CFB32F /* GKDYUserVideoViewModel.m in Sources */,
				799277EF29CAD17700A410DC /* GKDYVideoStatusBar.m in Sources */,
				603969E526315A5D0024ED97 /* NSString+GKCategory.m in Sources */,
				79CC62F52158E44300101773 /* GKNetworking.m in Sources */,
				6013272E22F1BF0700C055B3 /* GKDYPanGestureRecognizer.m in Sources */,
				79CC62942157377400101773 /* AppDelegate.m in Sources */,
				799277D329C837A000A410DC /* GKDYTools.m in Sources */,
				60089113229BE0BD002A6D52 /* GKLikeView.m in Sources */,
				79C4208A29C448FA00A0AB84 /* GKDYVideoPortraitView.m in Sources */,
				79A5252429D1998100CFB32F /* GKDYVideoListCell.m in Sources */,
				7991D4E42A04E499002AADCD /* GKDYVideoLandscapeCell.m in Sources */,
				79CC62D121573BFD00101773 /* GKDYHomeViewController.m in Sources */,
				799277F829CAF77300A410DC /* GKDYVideoPreviewView.m in Sources */,
				6099CDCC22BA31B4005098EE /* GKDoubleLikeView.m in Sources */,
				79E16A132274748F00DE4967 /* GKSlidePopupView.m in Sources */,
				607CAB882282BB3F0062AC0F /* GKDYTabBar.m in Sources */,
			);
			runOnlyForDeploymentPostprocessing = 0;
		};
/* End PBXSourcesBuildPhase section */

/* Begin PBXVariantGroup section */
		79CC629D2157377600101773 /* LaunchScreen.storyboard */ = {
			isa = PBXVariantGroup;
			children = (
				79CC629E2157377600101773 /* Base */,
			);
			name = LaunchScreen.storyboard;
			sourceTree = "<group>";
		};
/* End PBXVariantGroup section */

/* Begin XCBuildConfiguration section */
		79CC62B92157377700101773 /* Debug */ = {
			isa = XCBuildConfiguration;
			buildSettings = {
				ALWAYS_SEARCH_USER_PATHS = NO;
				CLANG_ANALYZER_NONNULL = YES;
				CLANG_ANALYZER_NUMBER_OBJECT_CONVERSION = YES_AGGRESSIVE;
				CLANG_CXX_LANGUAGE_STANDARD = "gnu++14";
				CLANG_CXX_LIBRARY = "libc++";
				CLANG_ENABLE_MODULES = YES;
				CLANG_ENABLE_OBJC_ARC = YES;
				CLANG_ENABLE_OBJC_WEAK = YES;
				CLANG_WARN_BLOCK_CAPTURE_AUTORELEASING = YES;
				CLANG_WARN_BOOL_CONVERSION = YES;
				CLANG_WARN_COMMA = YES;
				CLANG_WARN_CONSTANT_CONVERSION = YES;
				CLANG_WARN_DEPRECATED_OBJC_IMPLEMENTATIONS = YES;
				CLANG_WARN_DIRECT_OBJC_ISA_USAGE = YES_ERROR;
				CLANG_WARN_DOCUMENTATION_COMMENTS = YES;
				CLANG_WARN_EMPTY_BODY = YES;
				CLANG_WARN_ENUM_CONVERSION = YES;
				CLANG_WARN_INFINITE_RECURSION = YES;
				CLANG_WARN_INT_CONVERSION = YES;
				CLANG_WARN_NON_LITERAL_NULL_CONVERSION = YES;
				CLANG_WARN_OBJC_IMPLICIT_RETAIN_SELF = YES;
				CLANG_WARN_OBJC_LITERAL_CONVERSION = YES;
				CLANG_WARN_OBJC_ROOT_CLASS = YES_ERROR;
				CLANG_WARN_QUOTED_INCLUDE_IN_FRAMEWORK_HEADER = YES;
				CLANG_WARN_RANGE_LOOP_ANALYSIS = YES;
				CLANG_WARN_STRICT_PROTOTYPES = YES;
				CLANG_WARN_SUSPICIOUS_MOVE = YES;
				CLANG_WARN_UNGUARDED_AVAILABILITY = YES_AGGRESSIVE;
				CLANG_WARN_UNREACHABLE_CODE = YES;
				CLANG_WARN__DUPLICATE_METHOD_MATCH = YES;
				CODE_SIGN_IDENTITY = "iPhone Developer";
				COPY_PHASE_STRIP = NO;
				DEBUG_INFORMATION_FORMAT = dwarf;
				ENABLE_STRICT_OBJC_MSGSEND = YES;
				ENABLE_TESTABILITY = YES;
				EXCLUDED_ARCHS = "";
				GCC_C_LANGUAGE_STANDARD = gnu11;
				GCC_DYNAMIC_NO_PIC = NO;
				GCC_NO_COMMON_BLOCKS = YES;
				GCC_OPTIMIZATION_LEVEL = 0;
				GCC_PREPROCESSOR_DEFINITIONS = (
					"DEBUG=1",
					"$(inherited)",
				);
				GCC_WARN_64_TO_32_BIT_CONVERSION = YES;
				GCC_WARN_ABOUT_RETURN_TYPE = YES_ERROR;
				GCC_WARN_UNDECLARED_SELECTOR = YES;
				GCC_WARN_UNINITIALIZED_AUTOS = YES_AGGRESSIVE;
				GCC_WARN_UNUSED_FUNCTION = YES;
				GCC_WARN_UNUSED_VARIABLE = YES;
				IPHONEOS_DEPLOYMENT_TARGET = 12.0;
				MTL_ENABLE_DEBUG_INFO = INCLUDE_SOURCE;
				MTL_FAST_MATH = YES;
				ONLY_ACTIVE_ARCH = YES;
				SDKROOT = iphoneos;
			};
			name = Debug;
		};
		79CC62BA2157377700101773 /* Release */ = {
			isa = XCBuildConfiguration;
			buildSettings = {
				ALWAYS_SEARCH_USER_PATHS = NO;
				CLANG_ANALYZER_NONNULL = YES;
				CLANG_ANALYZER_NUMBER_OBJECT_CONVERSION = YES_AGGRESSIVE;
				CLANG_CXX_LANGUAGE_STANDARD = "gnu++14";
				CLANG_CXX_LIBRARY = "libc++";
				CLANG_ENABLE_MODULES = YES;
				CLANG_ENABLE_OBJC_ARC = YES;
				CLANG_ENABLE_OBJC_WEAK = YES;
				CLANG_WARN_BLOCK_CAPTURE_AUTORELEASING = YES;
				CLANG_WARN_BOOL_CONVERSION = YES;
				CLANG_WARN_COMMA = YES;
				CLANG_WARN_CONSTANT_CONVERSION = YES;
				CLANG_WARN_DEPRECATED_OBJC_IMPLEMENTATIONS = YES;
				CLANG_WARN_DIRECT_OBJC_ISA_USAGE = YES_ERROR;
				CLANG_WARN_DOCUMENTATION_COMMENTS = YES;
				CLANG_WARN_EMPTY_BODY = YES;
				CLANG_WARN_ENUM_CONVERSION = YES;
				CLANG_WARN_INFINITE_RECURSION = YES;
				CLANG_WARN_INT_CONVERSION = YES;
				CLANG_WARN_NON_LITERAL_NULL_CONVERSION = YES;
				CLANG_WARN_OBJC_IMPLICIT_RETAIN_SELF = YES;
				CLANG_WARN_OBJC_LITERAL_CONVERSION = YES;
				CLANG_WARN_OBJC_ROOT_CLASS = YES_ERROR;
				CLANG_WARN_QUOTED_INCLUDE_IN_FRAMEWORK_HEADER = YES;
				CLANG_WARN_RANGE_LOOP_ANALYSIS = YES;
				CLANG_WARN_STRICT_PROTOTYPES = YES;
				CLANG_WARN_SUSPICIOUS_MOVE = YES;
				CLANG_WARN_UNGUARDED_AVAILABILITY = YES_AGGRESSIVE;
				CLANG_WARN_UNREACHABLE_CODE = YES;
				CLANG_WARN__DUPLICATE_METHOD_MATCH = YES;
				CODE_SIGN_IDENTITY = "iPhone Developer";
				COPY_PHASE_STRIP = NO;
				DEBUG_INFORMATION_FORMAT = "dwarf-with-dsym";
				ENABLE_NS_ASSERTIONS = NO;
				ENABLE_STRICT_OBJC_MSGSEND = YES;
				EXCLUDED_ARCHS = "";
				GCC_C_LANGUAGE_STANDARD = gnu11;
				GCC_NO_COMMON_BLOCKS = YES;
				GCC_WARN_64_TO_32_BIT_CONVERSION = YES;
				GCC_WARN_ABOUT_RETURN_TYPE = YES_ERROR;
				GCC_WARN_UNDECLARED_SELECTOR = YES;
				GCC_WARN_UNINITIALIZED_AUTOS = YES_AGGRESSIVE;
				GCC_WARN_UNUSED_FUNCTION = YES;
				GCC_WARN_UNUSED_VARIABLE = YES;
				IPHONEOS_DEPLOYMENT_TARGET = 12.0;
				MTL_ENABLE_DEBUG_INFO = NO;
				MTL_FAST_MATH = YES;
				SDKROOT = iphoneos;
				VALIDATE_PRODUCT = YES;
			};
			name = Release;
		};
		79CC62BC2157377700101773 /* Debug */ = {
			isa = XCBuildConfiguration;
			baseConfigurationReference = ACB89D940248F84479D31DDA /* Pods-GKDYVideo.debug.xcconfig */;
			buildSettings = {
				ASSETCATALOG_COMPILER_APPICON_NAME = AppIcon;
				CODE_SIGN_IDENTITY = "Apple Development";
				CODE_SIGN_STYLE = Automatic;
				DEVELOPMENT_TEAM = 27K7U9AVTS;
				ENABLE_BITCODE = NO;
				EXCLUDED_ARCHS = "";
				FRAMEWORK_SEARCH_PATHS = "$(inherited)";
				GCC_PREFIX_HEADER = GKDYVideo/PrefixHeader.pch;
				INFOPLIST_FILE = GKDYVideo/Info.plist;
				INFOPLIST_KEY_CFBundleDisplayName = "抖音";
				IPHONEOS_DEPLOYMENT_TARGET = 11.0;
				LD_RUNPATH_SEARCH_PATHS = (
					"$(inherited)",
					"@executable_path/Frameworks",
				);
				MARKETING_VERSION = 1.0.0;
				ONLY_ACTIVE_ARCH = YES;
				PRODUCT_BUNDLE_IDENTIFIER = com.test.dyvideo;
				PRODUCT_NAME = "$(TARGET_NAME)";
				PROVISIONING_PROFILE_SPECIFIER = "";
				TARGETED_DEVICE_FAMILY = "1,2";
			};
			name = Debug;
		};
		79CC62BD2157377700101773 /* Release */ = {
			isa = XCBuildConfiguration;
			baseConfigurationReference = 126D76C9517C38C3B7C81D53 /* Pods-GKDYVideo.release.xcconfig */;
			buildSettings = {
				ASSETCATALOG_COMPILER_APPICON_NAME = AppIcon;
				CODE_SIGN_IDENTITY = "Apple Development";
				CODE_SIGN_STYLE = Automatic;
				DEVELOPMENT_TEAM = 27K7U9AVTS;
				ENABLE_BITCODE = NO;
				EXCLUDED_ARCHS = "";
				FRAMEWORK_SEARCH_PATHS = "$(inherited)";
				GCC_PREFIX_HEADER = GKDYVideo/PrefixHeader.pch;
				INFOPLIST_FILE = GKDYVideo/Info.plist;
				INFOPLIST_KEY_CFBundleDisplayName = "抖音";
				IPHONEOS_DEPLOYMENT_TARGET = 11.0;
				LD_RUNPATH_SEARCH_PATHS = (
					"$(inherited)",
					"@executable_path/Frameworks",
				);
				MARKETING_VERSION = 1.0.0;
				ONLY_ACTIVE_ARCH = NO;
				PRODUCT_BUNDLE_IDENTIFIER = com.test.dyvideo;
				PRODUCT_NAME = "$(TARGET_NAME)";
				PROVISIONING_PROFILE_SPECIFIER = "";
				TARGETED_DEVICE_FAMILY = "1,2";
			};
			name = Release;
		};
/* End XCBuildConfiguration section */

/* Begin XCConfigurationList section */
		79CC628A2157377400101773 /* Build configuration list for PBXProject "GKDYVideo" */ = {
			isa = XCConfigurationList;
			buildConfigurations = (
				79CC62B92157377700101773 /* Debug */,
				79CC62BA2157377700101773 /* Release */,
			);
			defaultConfigurationIsVisible = 0;
			defaultConfigurationName = Release;
		};
		79CC62BB2157377700101773 /* Build configuration list for PBXNativeTarget "GKDYVideo" */ = {
			isa = XCConfigurationList;
			buildConfigurations = (
				79CC62BC2157377700101773 /* Debug */,
				79CC62BD2157377700101773 /* Release */,
			);
			defaultConfigurationIsVisible = 0;
			defaultConfigurationName = Release;
		};
/* End XCConfigurationList section */
	};
	rootObject = 79CC62872157377400101773 /* Project object */;
}
